
Microsoft Visual Studio Solution File, Format Version 12.00
# Visual Studio 15
VisualStudioVersion = 15.0.26730.3
MinimumVisualStudioVersion = 10.0.40219.1
Project("{FAE04EC0-301F-11D3-BF4B-00C04F79EFBC}") = "Lab2.1-MD5", "Lab2.1-MD5.csproj", "{B9392B6F-5B5B-45E5-AB8C-1B7A541E0CD0}"
EndProject
Project("{FAE04EC0-301F-11D3-BF4B-00C04F79EFBC}") = "Lab2.3(2)", "Lab2.3(2)\Lab2.3(2).csproj", "{FEB3A97B-4673-4FEC-9D53-77E04DB1D2ED}"
EndProject
Project("{FAE04EC0-301F-11D3-BF4B-00C04F79EFBC}") = "Lab2.3(3)", "Lab2.3(3)\Lab2.3(3).csproj", "{45BB3390-7D25-4020-840E-5D5920152E33}"
EndProject
Project("{FAE04EC0-301F-11D3-BF4B-00C04F79EFBC}") = "Lab2.2", "Lab2.2\Lab2.2.csproj", "{62BD3F09-C300-4E41-802F-9FFD576F7C12}"
EndProject
Project("{FAE04EC0-301F-11D3-BF4B-00C04F79EFBC}") = "Lab2.6", "Lab2.6\Lab2.6.csproj", "{DA1053B3-10A0-4FB8-9C1F-C90747EF2678}"
EndProject
Project("{FAE04EC0-301F-11D3-BF4B-00C04F79EFBC}") = "Lab2.4", "Lab2.4\Lab2.4.csproj", "{68874396-2636-4970-AAE2-AE8F96B63C9D}"
EndProject
Global
	GlobalSection(SolutionConfigurationPlatforms) = preSolution
		Debug|Any CPU = Debug|Any CPU
		Debug|x64 = Debug|x64
		Debug|x86 = Debug|x86
		Release|Any CPU = Release|Any CPU
		Release|x64 = Release|x64
		Release|x86 = Release|x86
	EndGlobalSection
	GlobalSection(ProjectConfigurationPlatforms) = postSolution
		{B9392B6F-5B5B-45E5-AB8C-1B7A541E0CD0}.Debug|Any CPU.ActiveCfg = Debug|Any CPU
		{B9392B6F-5B5B-45E5-AB8C-1B7A541E0CD0}.Debug|Any CPU.Build.0 = Debug|Any CPU
		{B9392B6F-5B5B-45E5-AB8C-1B7A541E0CD0}.Debug|x64.ActiveCfg = Debug|Any CPU
		{B9392B6F-5B5B-45E5-AB8C-1B7A541E0CD0}.Debug|x64.Build.0 = Debug|Any CPU
		{B9392B6F-5B5B-45E5-AB8C-1B7A541E0CD0}.Debug|x86.ActiveCfg = Debug|Any CPU
		{B9392B6F-5B5B-45E5-AB8C-1B7A541E0CD0}.Debug|x86.Build.0 = Debug|Any CPU
		{B9392B6F-5B5B-45E5-AB8C-1B7A541E0CD0}.Release|Any CPU.ActiveCfg = Release|Any CPU
		{B9392B6F-5B5B-45E5-AB8C-1B7A541E0CD0}.Release|Any CPU.Build.0 = Release|Any CPU
		{B9392B6F-5B5B-45E5-AB8C-1B7A541E0CD0}.Release|x64.ActiveCfg = Release|Any CPU
		{B9392B6F-5B5B-45E5-AB8C-1B7A541E0CD0}.Release|x64.Build.0 = Release|Any CPU
		{B9392B6F-5B5B-45E5-AB8C-1B7A541E0CD0}.Release|x86.ActiveCfg = Release|Any CPU
		{B9392B6F-5B5B-45E5-AB8C-1B7A541E0CD0}.Release|x86.Build.0 = Release|Any CPU
		{FEB3A97B-4673-4FEC-9D53-77E04DB1D2ED}.Debug|Any CPU.ActiveCfg = Debug|Any CPU
		{FEB3A97B-4673-4FEC-9D53-77E04DB1D2ED}.Debug|Any CPU.Build.0 = Debug|Any CPU
		{FEB3A97B-4673-4FEC-9D53-77E04DB1D2ED}.Debug|x64.ActiveCfg = Debug|Any CPU
		{FEB3A97B-4673-4FEC-9D53-77E04DB1D2ED}.Debug|x64.Build.0 = Debug|Any CPU
		{FEB3A97B-4673-4FEC-9D53-77E04DB1D2ED}.Debug|x86.ActiveCfg = Debug|Any CPU
		{FEB3A97B-4673-4FEC-9D53-77E04DB1D2ED}.Debug|x86.Build.0 = Debug|Any CPU
		{FEB3A97B-4673-4FEC-9D53-77E04DB1D2ED}.Release|Any CPU.ActiveCfg = Release|Any CPU
		{FEB3A97B-4673-4FEC-9D53-77E04DB1D2ED}.Release|Any CPU.Build.0 = Release|Any CPU
		{FEB3A97B-4673-4FEC-9D53-77E04DB1D2ED}.Release|x64.ActiveCfg = Release|Any CPU
		{FEB3A97B-4673-4FEC-9D53-77E04DB1D2ED}.Release|x64.Build.0 = Release|Any CPU
		{FEB3A97B-4673-4FEC-9D53-77E04DB1D2ED}.Release|x86.ActiveCfg = Release|Any CPU
		{FEB3A97B-4673-4FEC-9D53-77E04DB1D2ED}.Release|x86.Build.0 = Release|Any CPU
		{45BB3390-7D25-4020-840E-5D5920152E33}.Debug|Any CPU.ActiveCfg = Debug|x86
		{45BB3390-7D25-4020-840E-5D5920152E33}.Debug|x64.ActiveCfg = Debug|x86
		{45BB3390-7D25-4020-840E-5D5920152E33}.Debug|x86.ActiveCfg = Debug|x86
		{45BB3390-7D25-4020-840E-5D5920152E33}.Debug|x86.Build.0 = Debug|x86
		{45BB3390-7D25-4020-840E-5D5920152E33}.Release|Any CPU.ActiveCfg = Release|x86
		{45BB3390-7D25-4020-840E-5D5920152E33}.Release|x64.ActiveCfg = Release|x86
		{45BB3390-7D25-4020-840E-5D5920152E33}.Release|x86.ActiveCfg = Release|x86
		{45BB3390-7D25-4020-840E-5D5920152E33}.Release|x86.Build.0 = Release|x86
		{62BD3F09-C300-4E41-802F-9FFD576F7C12}.Debug|Any CPU.ActiveCfg = Debug|Any CPU
		{62BD3F09-C300-4E41-802F-9FFD576F7C12}.Debug|Any CPU.Build.0 = Debug|Any CPU
		{62BD3F09-C300-4E41-802F-9FFD576F7C12}.Debug|x64.ActiveCfg = Debug|Any CPU
		{62BD3F09-C300-4E41-802F-9FFD576F7C12}.Debug|x64.Build.0 = Debug|Any CPU
		{62BD3F09-C300-4E41-802F-9FFD576F7C12}.Debug|x86.ActiveCfg = Debug|Any CPU
		{62BD3F09-C300-4E41-802F-9FFD576F7C12}.Debug|x86.Build.0 = Debug|Any CPU
		{62BD3F09-C300-4E41-802F-9FFD576F7C12}.Release|Any CPU.ActiveCfg = Release|Any CPU
		{62BD3F09-C300-4E41-802F-9FFD576F7C12}.Release|Any CPU.Build.0 = Release|Any CPU
		{62BD3F09-C300-4E41-802F-9FFD576F7C12}.Release|x64.ActiveCfg = Release|Any CPU
		{62BD3F09-C300-4E41-802F-9FFD576F7C12}.Release|x64.Build.0 = Release|Any CPU
		{62BD3F09-C300-4E41-802F-9FFD576F7C12}.Release|x86.ActiveCfg = Release|Any CPU
		{62BD3F09-C300-4E41-802F-9FFD576F7C12}.Release|x86.Build.0 = Release|Any CPU
		{DA1053B3-10A0-4FB8-9C1F-C90747EF2678}.Debug|Any CPU.ActiveCfg = Debug|Any CPU
		{DA1053B3-10A0-4FB8-9C1F-C90747EF2678}.Debug|Any CPU.Build.0 = Debug|Any CPU
		{DA1053B3-10A0-4FB8-9C1F-C90747EF2678}.Debug|x64.ActiveCfg = Debug|Any CPU
		{DA1053B3-10A0-4FB8-9C1F-C90747EF2678}.Debug|x64.Build.0 = Debug|Any CPU
		{DA1053B3-10A0-4FB8-9C1F-C90747EF2678}.Debug|x86.ActiveCfg = Debug|Any CPU
		{DA1053B3-10A0-4FB8-9C1F-C90747EF2678}.Debug|x86.Build.0 = Debug|Any CPU
		{DA1053B3-10A0-4FB8-9C1F-C90747EF2678}.Release|Any CPU.ActiveCfg = Release|Any CPU
		{DA1053B3-10A0-4FB8-9C1F-C90747EF2678}.Release|Any CPU.Build.0 = Release|Any CPU
		{DA1053B3-10A0-4FB8-9C1F-C90747EF2678}.Release|x64.ActiveCfg = Release|Any CPU
		{DA1053B3-10A0-4FB8-9C1F-C90747EF2678}.Release|x64.Build.0 = Release|Any CPU
		{DA1053B3-10A0-4FB8-9C1F-C90747EF2678}.Release|x86.ActiveCfg = Release|Any CPU
		{DA1053B3-10A0-4FB8-9C1F-C90747EF2678}.Release|x86.Build.0 = Release|Any CPU
		{68874396-2636-4970-AAE2-AE8F96B63C9D}.Debug|Any CPU.ActiveCfg = Debug|Any CPU
		{68874396-2636-4970-AAE2-AE8F96B63C9D}.Debug|Any CPU.Build.0 = Debug|Any CPU
		{68874396-2636-4970-AAE2-AE8F96B63C9D}.Debug|x64.ActiveCfg = Debug|Any CPU
		{68874396-2636-4970-AAE2-AE8F96B63C9D}.Debug|x64.Build.0 = Debug|Any CPU
		{68874396-2636-4970-AAE2-AE8F96B63C9D}.Debug|x86.ActiveCfg = Debug|Any CPU
		{68874396-2636-4970-AAE2-AE8F96B63C9D}.Debug|x86.Build.0 = Debug|Any CPU
		{68874396-2636-4970-AAE2-AE8F96B63C9D}.Release|Any CPU.ActiveCfg = Release|Any CPU
		{68874396-2636-4970-AAE2-AE8F96B63C9D}.Release|Any CPU.Build.0 = Release|Any CPU
		{68874396-2636-4970-AAE2-AE8F96B63C9D}.Release|x64.ActiveCfg = Release|Any CPU
		{68874396-2636-4970-AAE2-AE8F96B63C9D}.Release|x64.Build.0 = Release|Any CPU
		{68874396-2636-4970-AAE2-AE8F96B63C9D}.Release|x86.ActiveCfg = Release|Any CPU
		{68874396-2636-4970-AAE2-AE8F96B63C9D}.Release|x86.Build.0 = Release|Any CPU
	EndGlobalSection
	GlobalSection(SolutionProperties) = preSolution
		HideSolutionNode = FALSE
	EndGlobalSection
	GlobalSection(ExtensibilityGlobals) = postSolution
		SolutionGuid = {FF8CD321-DC4F-4462-ADC9-48F1926778E5}
	EndGlobalSection
EndGlobal
